
Microsoft Visual Studio Solution File, Format Version 12.00
# Visual Studio 15
VisualStudioVersion = 15.0.26228.9
MinimumVisualStudioVersion = 10.0.40219.1
Project("{FAE04EC0-301F-11D3-BF4B-00C04F79EFBC}") = "MyUtilsApp.Android", "MyUtilsApp\MyUtilsApp.Android\MyUtilsApp.Android.csproj", "{5A24B11C-DE76-443D-A596-B4F680F2616B}"
EndProject
Project("{FAE04EC0-301F-11D3-BF4B-00C04F79EFBC}") = "MyUtilsApp.UWP", "MyUtilsApp\MyUtilsApp.UWP\MyUtilsApp.UWP.csproj", "{C835A677-F705-41FC-B5F3-8700DF909842}"
EndProject
Project("{FAE04EC0-301F-11D3-BF4B-00C04F79EFBC}") = "MyUtilsApp.iOS", "MyUtilsApp\MyUtilsApp.iOS\MyUtilsApp.iOS.csproj", "{6005E124-3D20-4488-9B4E-6866FB971997}"
EndProject
Project("{FAE04EC0-301F-11D3-BF4B-00C04F79EFBC}") = "PclBackend", "PclBackend\PclBackend.csproj", "{67F9D3A8-F71E-4428-913F-C37AE82CDB24}"
EndProject
Project("{FAE04EC0-301F-11D3-BF4B-00C04F79EFBC}") = "MyUtilsApp", "MyUtilsApp\MyUtilsApp\MyUtilsApp.csproj", "{F77130D5-357A-400F-BF0C-326395A6441D}"
EndProject
Global
	GlobalSection(SolutionConfigurationPlatforms) = preSolution
		Ad-Hoc|Any CPU = Ad-Hoc|Any CPU
		Ad-Hoc|ARM = Ad-Hoc|ARM
		Ad-Hoc|iPhone = Ad-Hoc|iPhone
		Ad-Hoc|iPhoneSimulator = Ad-Hoc|iPhoneSimulator
		Ad-Hoc|x64 = Ad-Hoc|x64
		Ad-Hoc|x86 = Ad-Hoc|x86
		AppStore|Any CPU = AppStore|Any CPU
		AppStore|ARM = AppStore|ARM
		AppStore|iPhone = AppStore|iPhone
		AppStore|iPhoneSimulator = AppStore|iPhoneSimulator
		AppStore|x64 = AppStore|x64
		AppStore|x86 = AppStore|x86
		Debug|Any CPU = Debug|Any CPU
		Debug|ARM = Debug|ARM
		Debug|iPhone = Debug|iPhone
		Debug|iPhoneSimulator = Debug|iPhoneSimulator
		Debug|x64 = Debug|x64
		Debug|x86 = Debug|x86
		Release|Any CPU = Release|Any CPU
		Release|ARM = Release|ARM
		Release|iPhone = Release|iPhone
		Release|iPhoneSimulator = Release|iPhoneSimulator
		Release|x64 = Release|x64
		Release|x86 = Release|x86
	EndGlobalSection
	GlobalSection(ProjectConfigurationPlatforms) = postSolution
		{5A24B11C-DE76-443D-A596-B4F680F2616B}.Ad-Hoc|Any CPU.ActiveCfg = Release|Any CPU
		{5A24B11C-DE76-443D-A596-B4F680F2616B}.Ad-Hoc|Any CPU.Build.0 = Release|Any CPU
		{5A24B11C-DE76-443D-A596-B4F680F2616B}.Ad-Hoc|Any CPU.Deploy.0 = Release|Any CPU
		{5A24B11C-DE76-443D-A596-B4F680F2616B}.Ad-Hoc|ARM.ActiveCfg = Release|Any CPU
		{5A24B11C-DE76-443D-A596-B4F680F2616B}.Ad-Hoc|ARM.Build.0 = Release|Any CPU
		{5A24B11C-DE76-443D-A596-B4F680F2616B}.Ad-Hoc|ARM.Deploy.0 = Release|Any CPU
		{5A24B11C-DE76-443D-A596-B4F680F2616B}.Ad-Hoc|iPhone.ActiveCfg = Release|Any CPU
		{5A24B11C-DE76-443D-A596-B4F680F2616B}.Ad-Hoc|iPhone.Build.0 = Release|Any CPU
		{5A24B11C-DE76-443D-A596-B4F680F2616B}.Ad-Hoc|iPhone.Deploy.0 = Release|Any CPU
		{5A24B11C-DE76-443D-A596-B4F680F2616B}.Ad-Hoc|iPhoneSimulator.ActiveCfg = Release|Any CPU
		{5A24B11C-DE76-443D-A596-B4F680F2616B}.Ad-Hoc|iPhoneSimulator.Build.0 = Release|Any CPU
		{5A24B11C-DE76-443D-A596-B4F680F2616B}.Ad-Hoc|iPhoneSimulator.Deploy.0 = Release|Any CPU
		{5A24B11C-DE76-443D-A596-B4F680F2616B}.Ad-Hoc|x64.ActiveCfg = Release|Any CPU
		{5A24B11C-DE76-443D-A596-B4F680F2616B}.Ad-Hoc|x64.Build.0 = Release|Any CPU
		{5A24B11C-DE76-443D-A596-B4F680F2616B}.Ad-Hoc|x64.Deploy.0 = Release|Any CPU
		{5A24B11C-DE76-443D-A596-B4F680F2616B}.Ad-Hoc|x86.ActiveCfg = Release|Any CPU
		{5A24B11C-DE76-443D-A596-B4F680F2616B}.Ad-Hoc|x86.Build.0 = Release|Any CPU
		{5A24B11C-DE76-443D-A596-B4F680F2616B}.Ad-Hoc|x86.Deploy.0 = Release|Any CPU
		{5A24B11C-DE76-443D-A596-B4F680F2616B}.AppStore|Any CPU.ActiveCfg = Release|Any CPU
		{5A24B11C-DE76-443D-A596-B4F680F2616B}.AppStore|Any CPU.Build.0 = Release|Any CPU
		{5A24B11C-DE76-443D-A596-B4F680F2616B}.AppStore|Any CPU.Deploy.0 = Release|Any CPU
		{5A24B11C-DE76-443D-A596-B4F680F2616B}.AppStore|ARM.ActiveCfg = Release|Any CPU
		{5A24B11C-DE76-443D-A596-B4F680F2616B}.AppStore|ARM.Build.0 = Release|Any CPU
		{5A24B11C-DE76-443D-A596-B4F680F2616B}.AppStore|ARM.Deploy.0 = Release|Any CPU
		{5A24B11C-DE76-443D-A596-B4F680F2616B}.AppStore|iPhone.ActiveCfg = Release|Any CPU
		{5A24B11C-DE76-443D-A596-B4F680F2616B}.AppStore|iPhone.Build.0 = Release|Any CPU
		{5A24B11C-DE76-443D-A596-B4F680F2616B}.AppStore|iPhone.Deploy.0 = Release|Any CPU
		{5A24B11C-DE76-443D-A596-B4F680F2616B}.AppStore|iPhoneSimulator.ActiveCfg = Release|Any CPU
		{5A24B11C-DE76-443D-A596-B4F680F2616B}.AppStore|iPhoneSimulator.Build.0 = Release|Any CPU
		{5A24B11C-DE76-443D-A596-B4F680F2616B}.AppStore|iPhoneSimulator.Deploy.0 = Release|Any CPU
		{5A24B11C-DE76-443D-A596-B4F680F2616B}.AppStore|x64.ActiveCfg = Release|Any CPU
		{5A24B11C-DE76-443D-A596-B4F680F2616B}.AppStore|x64.Build.0 = Release|Any CPU
		{5A24B11C-DE76-443D-A596-B4F680F2616B}.AppStore|x64.Deploy.0 = Release|Any CPU
		{5A24B11C-DE76-443D-A596-B4F680F2616B}.AppStore|x86.ActiveCfg = Release|Any CPU
		{5A24B11C-DE76-443D-A596-B4F680F2616B}.AppStore|x86.Build.0 = Release|Any CPU
		{5A24B11C-DE76-443D-A596-B4F680F2616B}.AppStore|x86.Deploy.0 = Release|Any CPU
		{5A24B11C-DE76-443D-A596-B4F680F2616B}.Debug|Any CPU.ActiveCfg = Debug|Any CPU
		{5A24B11C-DE76-443D-A596-B4F680F2616B}.Debug|Any CPU.Build.0 = Debug|Any CPU
		{5A24B11C-DE76-443D-A596-B4F680F2616B}.Debug|Any CPU.Deploy.0 = Debug|Any CPU
		{5A24B11C-DE76-443D-A596-B4F680F2616B}.Debug|ARM.ActiveCfg = Debug|Any CPU
		{5A24B11C-DE76-443D-A596-B4F680F2616B}.Debug|ARM.Build.0 = Debug|Any CPU
		{5A24B11C-DE76-443D-A596-B4F680F2616B}.Debug|ARM.Deploy.0 = Debug|Any CPU
		{5A24B11C-DE76-443D-A596-B4F680F2616B}.Debug|iPhone.ActiveCfg = Debug|Any CPU
		{5A24B11C-DE76-443D-A596-B4F680F2616B}.Debug|iPhone.Build.0 = Debug|Any CPU
		{5A24B11C-DE76-443D-A596-B4F680F2616B}.Debug|iPhone.Deploy.0 = Debug|Any CPU
		{5A24B11C-DE76-443D-A596-B4F680F2616B}.Debug|iPhoneSimulator.ActiveCfg = Debug|Any CPU
		{5A24B11C-DE76-443D-A596-B4F680F2616B}.Debug|iPhoneSimulator.Build.0 = Debug|Any CPU
		{5A24B11C-DE76-443D-A596-B4F680F2616B}.Debug|iPhoneSimulator.Deploy.0 = Debug|Any CPU
		{5A24B11C-DE76-443D-A596-B4F680F2616B}.Debug|x64.ActiveCfg = Debug|Any CPU
		{5A24B11C-DE76-443D-A596-B4F680F2616B}.Debug|x64.Build.0 = Debug|Any CPU
		{5A24B11C-DE76-443D-A596-B4F680F2616B}.Debug|x64.Deploy.0 = Debug|Any CPU
		{5A24B11C-DE76-443D-A596-B4F680F2616B}.Debug|x86.ActiveCfg = Debug|Any CPU
		{5A24B11C-DE76-443D-A596-B4F680F2616B}.Debug|x86.Build.0 = Debug|Any CPU
		{5A24B11C-DE76-443D-A596-B4F680F2616B}.Debug|x86.Deploy.0 = Debug|Any CPU
		{5A24B11C-DE76-443D-A596-B4F680F2616B}.Release|Any CPU.ActiveCfg = Release|Any CPU
		{5A24B11C-DE76-443D-A596-B4F680F2616B}.Release|Any CPU.Build.0 = Release|Any CPU
		{5A24B11C-DE76-443D-A596-B4F680F2616B}.Release|Any CPU.Deploy.0 = Release|Any CPU
		{5A24B11C-DE76-443D-A596-B4F680F2616B}.Release|ARM.ActiveCfg = Release|Any CPU
		{5A24B11C-DE76-443D-A596-B4F680F2616B}.Release|ARM.Build.0 = Release|Any CPU
		{5A24B11C-DE76-443D-A596-B4F680F2616B}.Release|ARM.Deploy.0 = Release|Any CPU
		{5A24B11C-DE76-443D-A596-B4F680F2616B}.Release|iPhone.ActiveCfg = Release|Any CPU
		{5A24B11C-DE76-443D-A596-B4F680F2616B}.Release|iPhone.Build.0 = Release|Any CPU
		{5A24B11C-DE76-443D-A596-B4F680F2616B}.Release|iPhone.Deploy.0 = Release|Any CPU
		{5A24B11C-DE76-443D-A596-B4F680F2616B}.Release|iPhoneSimulator.ActiveCfg = Release|Any CPU
		{5A24B11C-DE76-443D-A596-B4F680F2616B}.Release|iPhoneSimulator.Build.0 = Release|Any CPU
		{5A24B11C-DE76-443D-A596-B4F680F2616B}.Release|iPhoneSimulator.Deploy.0 = Release|Any CPU
		{5A24B11C-DE76-443D-A596-B4F680F2616B}.Release|x64.ActiveCfg = Release|Any CPU
		{5A24B11C-DE76-443D-A596-B4F680F2616B}.Release|x64.Build.0 = Release|Any CPU
		{5A24B11C-DE76-443D-A596-B4F680F2616B}.Release|x64.Deploy.0 = Release|Any CPU
		{5A24B11C-DE76-443D-A596-B4F680F2616B}.Release|x86.ActiveCfg = Release|Any CPU
		{5A24B11C-DE76-443D-A596-B4F680F2616B}.Release|x86.Build.0 = Release|Any CPU
		{5A24B11C-DE76-443D-A596-B4F680F2616B}.Release|x86.Deploy.0 = Release|Any CPU
		{C835A677-F705-41FC-B5F3-8700DF909842}.Ad-Hoc|Any CPU.ActiveCfg = Release|x86
		{C835A677-F705-41FC-B5F3-8700DF909842}.Ad-Hoc|Any CPU.Build.0 = Release|x86
		{C835A677-F705-41FC-B5F3-8700DF909842}.Ad-Hoc|Any CPU.Deploy.0 = Release|x86
		{C835A677-F705-41FC-B5F3-8700DF909842}.Ad-Hoc|ARM.ActiveCfg = Release|ARM
		{C835A677-F705-41FC-B5F3-8700DF909842}.Ad-Hoc|ARM.Build.0 = Release|ARM
		{C835A677-F705-41FC-B5F3-8700DF909842}.Ad-Hoc|ARM.Deploy.0 = Release|ARM
		{C835A677-F705-41FC-B5F3-8700DF909842}.Ad-Hoc|iPhone.ActiveCfg = Release|x86
		{C835A677-F705-41FC-B5F3-8700DF909842}.Ad-Hoc|iPhone.Build.0 = Release|x86
		{C835A677-F705-41FC-B5F3-8700DF909842}.Ad-Hoc|iPhone.Deploy.0 = Release|x86
		{C835A677-F705-41FC-B5F3-8700DF909842}.Ad-Hoc|iPhoneSimulator.ActiveCfg = Release|x86
		{C835A677-F705-41FC-B5F3-8700DF909842}.Ad-Hoc|iPhoneSimulator.Build.0 = Release|x86
		{C835A677-F705-41FC-B5F3-8700DF909842}.Ad-Hoc|iPhoneSimulator.Deploy.0 = Release|x86
		{C835A677-F705-41FC-B5F3-8700DF909842}.Ad-Hoc|x64.ActiveCfg = Release|x64
		{C835A677-F705-41FC-B5F3-8700DF909842}.Ad-Hoc|x64.Build.0 = Release|x64
		{C835A677-F705-41FC-B5F3-8700DF909842}.Ad-Hoc|x64.Deploy.0 = Release|x64
		{C835A677-F705-41FC-B5F3-8700DF909842}.Ad-Hoc|x86.ActiveCfg = Release|x86
		{C835A677-F705-41FC-B5F3-8700DF909842}.Ad-Hoc|x86.Build.0 = Release|x86
		{C835A677-F705-41FC-B5F3-8700DF909842}.Ad-Hoc|x86.Deploy.0 = Release|x86
		{C835A677-F705-41FC-B5F3-8700DF909842}.AppStore|Any CPU.ActiveCfg = Release|x86
		{C835A677-F705-41FC-B5F3-8700DF909842}.AppStore|Any CPU.Build.0 = Release|x86
		{C835A677-F705-41FC-B5F3-8700DF909842}.AppStore|Any CPU.Deploy.0 = Release|x86
		{C835A677-F705-41FC-B5F3-8700DF909842}.AppStore|ARM.ActiveCfg = Release|ARM
		{C835A677-F705-41FC-B5F3-8700DF909842}.AppStore|ARM.Build.0 = Release|ARM
		{C835A677-F705-41FC-B5F3-8700DF909842}.AppStore|ARM.Deploy.0 = Release|ARM
		{C835A677-F705-41FC-B5F3-8700DF909842}.AppStore|iPhone.ActiveCfg = Release|x86
		{C835A677-F705-41FC-B5F3-8700DF909842}.AppStore|iPhone.Build.0 = Release|x86
		{C835A677-F705-41FC-B5F3-8700DF909842}.AppStore|iPhone.Deploy.0 = Release|x86
		{C835A677-F705-41FC-B5F3-8700DF909842}.AppStore|iPhoneSimulator.ActiveCfg = Release|x86
		{C835A677-F705-41FC-B5F3-8700DF909842}.AppStore|iPhoneSimulator.Build.0 = Release|x86
		{C835A677-F705-41FC-B5F3-8700DF909842}.AppStore|iPhoneSimulator.Deploy.0 = Release|x86
		{C835A677-F705-41FC-B5F3-8700DF909842}.AppStore|x64.ActiveCfg = Release|x64
		{C835A677-F705-41FC-B5F3-8700DF909842}.AppStore|x64.Build.0 = Release|x64
		{C835A677-F705-41FC-B5F3-8700DF909842}.AppStore|x64.Deploy.0 = Release|x64
		{C835A677-F705-41FC-B5F3-8700DF909842}.AppStore|x86.ActiveCfg = Release|x86
		{C835A677-F705-41FC-B5F3-8700DF909842}.AppStore|x86.Build.0 = Release|x86
		{C835A677-F705-41FC-B5F3-8700DF909842}.AppStore|x86.Deploy.0 = Release|x86
		{C835A677-F705-41FC-B5F3-8700DF909842}.Debug|Any CPU.ActiveCfg = Debug|x86
		{C835A677-F705-41FC-B5F3-8700DF909842}.Debug|Any CPU.Build.0 = Debug|x86
		{C835A677-F705-41FC-B5F3-8700DF909842}.Debug|Any CPU.Deploy.0 = Debug|x86
		{C835A677-F705-41FC-B5F3-8700DF909842}.Debug|ARM.ActiveCfg = Debug|ARM
		{C835A677-F705-41FC-B5F3-8700DF909842}.Debug|ARM.Build.0 = Debug|ARM
		{C835A677-F705-41FC-B5F3-8700DF909842}.Debug|ARM.Deploy.0 = Debug|ARM
		{C835A677-F705-41FC-B5F3-8700DF909842}.Debug|iPhone.ActiveCfg = Debug|x86
		{C835A677-F705-41FC-B5F3-8700DF909842}.Debug|iPhoneSimulator.ActiveCfg = Debug|x86
		{C835A677-F705-41FC-B5F3-8700DF909842}.Debug|x64.ActiveCfg = Debug|x64
		{C835A677-F705-41FC-B5F3-8700DF909842}.Debug|x64.Build.0 = Debug|x64
		{C835A677-F705-41FC-B5F3-8700DF909842}.Debug|x64.Deploy.0 = Debug|x64
		{C835A677-F705-41FC-B5F3-8700DF909842}.Debug|x86.ActiveCfg = Debug|x86
		{C835A677-F705-41FC-B5F3-8700DF909842}.Debug|x86.Build.0 = Debug|x86
		{C835A677-F705-41FC-B5F3-8700DF909842}.Debug|x86.Deploy.0 = Debug|x86
		{C835A677-F705-41FC-B5F3-8700DF909842}.Release|Any CPU.ActiveCfg = Release|x86
		{C835A677-F705-41FC-B5F3-8700DF909842}.Release|ARM.ActiveCfg = Release|ARM
		{C835A677-F705-41FC-B5F3-8700DF909842}.Release|ARM.Build.0 = Release|ARM
		{C835A677-F705-41FC-B5F3-8700DF909842}.Release|ARM.Deploy.0 = Release|ARM
		{C835A677-F705-41FC-B5F3-8700DF909842}.Release|iPhone.ActiveCfg = Release|x86
		{C835A677-F705-41FC-B5F3-8700DF909842}.Release|iPhoneSimulator.ActiveCfg = Release|x86
		{C835A677-F705-41FC-B5F3-8700DF909842}.Release|x64.ActiveCfg = Release|x64
		{C835A677-F705-41FC-B5F3-8700DF909842}.Release|x64.Build.0 = Release|x64
		{C835A677-F705-41FC-B5F3-8700DF909842}.Release|x64.Deploy.0 = Release|x64
		{C835A677-F705-41FC-B5F3-8700DF909842}.Release|x86.ActiveCfg = Release|x86
		{C835A677-F705-41FC-B5F3-8700DF909842}.Release|x86.Build.0 = Release|x86
		{C835A677-F705-41FC-B5F3-8700DF909842}.Release|x86.Deploy.0 = Release|x86
		{6005E124-3D20-4488-9B4E-6866FB971997}.Ad-Hoc|Any CPU.ActiveCfg = Ad-Hoc|iPhone
		{6005E124-3D20-4488-9B4E-6866FB971997}.Ad-Hoc|ARM.ActiveCfg = Ad-Hoc|iPhone
		{6005E124-3D20-4488-9B4E-6866FB971997}.Ad-Hoc|iPhone.ActiveCfg = Ad-Hoc|iPhone
		{6005E124-3D20-4488-9B4E-6866FB971997}.Ad-Hoc|iPhone.Build.0 = Ad-Hoc|iPhone
		{6005E124-3D20-4488-9B4E-6866FB971997}.Ad-Hoc|iPhoneSimulator.ActiveCfg = Ad-Hoc|iPhoneSimulator
		{6005E124-3D20-4488-9B4E-6866FB971997}.Ad-Hoc|iPhoneSimulator.Build.0 = Ad-Hoc|iPhoneSimulator
		{6005E124-3D20-4488-9B4E-6866FB971997}.Ad-Hoc|x64.ActiveCfg = Ad-Hoc|iPhone
		{6005E124-3D20-4488-9B4E-6866FB971997}.Ad-Hoc|x86.ActiveCfg = Ad-Hoc|iPhone
		{6005E124-3D20-4488-9B4E-6866FB971997}.AppStore|Any CPU.ActiveCfg = AppStore|iPhone
		{6005E124-3D20-4488-9B4E-6866FB971997}.AppStore|ARM.ActiveCfg = AppStore|iPhone
		{6005E124-3D20-4488-9B4E-6866FB971997}.AppStore|iPhone.ActiveCfg = AppStore|iPhone
		{6005E124-3D20-4488-9B4E-6866FB971997}.AppStore|iPhone.Build.0 = AppStore|iPhone
		{6005E124-3D20-4488-9B4E-6866FB971997}.AppStore|iPhoneSimulator.ActiveCfg = AppStore|iPhoneSimulator
		{6005E124-3D20-4488-9B4E-6866FB971997}.AppStore|iPhoneSimulator.Build.0 = AppStore|iPhoneSimulator
		{6005E124-3D20-4488-9B4E-6866FB971997}.AppStore|x64.ActiveCfg = AppStore|iPhone
		{6005E124-3D20-4488-9B4E-6866FB971997}.AppStore|x86.ActiveCfg = AppStore|iPhone
		{6005E124-3D20-4488-9B4E-6866FB971997}.Debug|Any CPU.ActiveCfg = Debug|iPhone
		{6005E124-3D20-4488-9B4E-6866FB971997}.Debug|ARM.ActiveCfg = Debug|iPhone
		{6005E124-3D20-4488-9B4E-6866FB971997}.Debug|iPhone.ActiveCfg = Debug|iPhone
		{6005E124-3D20-4488-9B4E-6866FB971997}.Debug|iPhone.Build.0 = Debug|iPhone
		{6005E124-3D20-4488-9B4E-6866FB971997}.Debug|iPhoneSimulator.ActiveCfg = Debug|iPhoneSimulator
		{6005E124-3D20-4488-9B4E-6866FB971997}.Debug|iPhoneSimulator.Build.0 = Debug|iPhoneSimulator
		{6005E124-3D20-4488-9B4E-6866FB971997}.Debug|x64.ActiveCfg = Debug|iPhone
		{6005E124-3D20-4488-9B4E-6866FB971997}.Debug|x86.ActiveCfg = Debug|iPhone
		{6005E124-3D20-4488-9B4E-6866FB971997}.Release|Any CPU.ActiveCfg = Release|iPhone
		{6005E124-3D20-4488-9B4E-6866FB971997}.Release|ARM.ActiveCfg = Release|iPhone
		{6005E124-3D20-4488-9B4E-6866FB971997}.Release|iPhone.ActiveCfg = Release|iPhone
		{6005E124-3D20-4488-9B4E-6866FB971997}.Release|iPhone.Build.0 = Release|iPhone
		{6005E124-3D20-4488-9B4E-6866FB971997}.Release|iPhoneSimulator.ActiveCfg = Release|iPhoneSimulator
		{6005E124-3D20-4488-9B4E-6866FB971997}.Release|iPhoneSimulator.Build.0 = Release|iPhoneSimulator
		{6005E124-3D20-4488-9B4E-6866FB971997}.Release|x64.ActiveCfg = Release|iPhone
		{6005E124-3D20-4488-9B4E-6866FB971997}.Release|x86.ActiveCfg = Release|iPhone
		{67F9D3A8-F71E-4428-913F-C37AE82CDB24}.Ad-Hoc|Any CPU.ActiveCfg = Release|Any CPU
		{67F9D3A8-F71E-4428-913F-C37AE82CDB24}.Ad-Hoc|Any CPU.Build.0 = Release|Any CPU
		{67F9D3A8-F71E-4428-913F-C37AE82CDB24}.Ad-Hoc|ARM.ActiveCfg = Release|Any CPU
		{67F9D3A8-F71E-4428-913F-C37AE82CDB24}.Ad-Hoc|ARM.Build.0 = Release|Any CPU
		{67F9D3A8-F71E-4428-913F-C37AE82CDB24}.Ad-Hoc|iPhone.ActiveCfg = Release|Any CPU
		{67F9D3A8-F71E-4428-913F-C37AE82CDB24}.Ad-Hoc|iPhone.Build.0 = Release|Any CPU
		{67F9D3A8-F71E-4428-913F-C37AE82CDB24}.Ad-Hoc|iPhoneSimulator.ActiveCfg = Release|Any CPU
		{67F9D3A8-F71E-4428-913F-C37AE82CDB24}.Ad-Hoc|iPhoneSimulator.Build.0 = Release|Any CPU
		{67F9D3A8-F71E-4428-913F-C37AE82CDB24}.Ad-Hoc|x64.ActiveCfg = Release|Any CPU
		{67F9D3A8-F71E-4428-913F-C37AE82CDB24}.Ad-Hoc|x64.Build.0 = Release|Any CPU
		{67F9D3A8-F71E-4428-913F-C37AE82CDB24}.Ad-Hoc|x86.ActiveCfg = Release|Any CPU
		{67F9D3A8-F71E-4428-913F-C37AE82CDB24}.Ad-Hoc|x86.Build.0 = Release|Any CPU
		{67F9D3A8-F71E-4428-913F-C37AE82CDB24}.AppStore|Any CPU.ActiveCfg = Release|Any CPU
		{67F9D3A8-F71E-4428-913F-C37AE82CDB24}.AppStore|Any CPU.Build.0 = Release|Any CPU
		{67F9D3A8-F71E-4428-913F-C37AE82CDB24}.AppStore|ARM.ActiveCfg = Release|Any CPU
		{67F9D3A8-F71E-4428-913F-C37AE82CDB24}.AppStore|ARM.Build.0 = Release|Any CPU
		{67F9D3A8-F71E-4428-913F-C37AE82CDB24}.AppStore|iPhone.ActiveCfg = Release|Any CPU
		{67F9D3A8-F71E-4428-913F-C37AE82CDB24}.AppStore|iPhone.Build.0 = Release|Any CPU
		{67F9D3A8-F71E-4428-913F-C37AE82CDB24}.AppStore|iPhoneSimulator.ActiveCfg = Release|Any CPU
		{67F9D3A8-F71E-4428-913F-C37AE82CDB24}.AppStore|iPhoneSimulator.Build.0 = Release|Any CPU
		{67F9D3A8-F71E-4428-913F-C37AE82CDB24}.AppStore|x64.ActiveCfg = Release|Any CPU
		{67F9D3A8-F71E-4428-913F-C37AE82CDB24}.AppStore|x64.Build.0 = Release|Any CPU
		{67F9D3A8-F71E-4428-913F-C37AE82CDB24}.AppStore|x86.ActiveCfg = Release|Any CPU
		{67F9D3A8-F71E-4428-913F-C37AE82CDB24}.AppStore|x86.Build.0 = Release|Any CPU
		{67F9D3A8-F71E-4428-913F-C37AE82CDB24}.Debug|Any CPU.ActiveCfg = Debug|Any CPU
		{67F9D3A8-F71E-4428-913F-C37AE82CDB24}.Debug|Any CPU.Build.0 = Debug|Any CPU
		{67F9D3A8-F71E-4428-913F-C37AE82CDB24}.Debug|ARM.ActiveCfg = Debug|Any CPU
		{67F9D3A8-F71E-4428-913F-C37AE82CDB24}.Debug|ARM.Build.0 = Debug|Any CPU
		{67F9D3A8-F71E-4428-913F-C37AE82CDB24}.Debug|iPhone.ActiveCfg = Debug|Any CPU
		{67F9D3A8-F71E-4428-913F-C37AE82CDB24}.Debug|iPhone.Build.0 = Debug|Any CPU
		{67F9D3A8-F71E-4428-913F-C37AE82CDB24}.Debug|iPhoneSimulator.ActiveCfg = Debug|Any CPU
		{67F9D3A8-F71E-4428-913F-C37AE82CDB24}.Debug|iPhoneSimulator.Build.0 = Debug|Any CPU
		{67F9D3A8-F71E-4428-913F-C37AE82CDB24}.Debug|x64.ActiveCfg = Debug|Any CPU
		{67F9D3A8-F71E-4428-913F-C37AE82CDB24}.Debug|x64.Build.0 = Debug|Any CPU
		{67F9D3A8-F71E-4428-913F-C37AE82CDB24}.Debug|x86.ActiveCfg = Debug|Any CPU
		{67F9D3A8-F71E-4428-913F-C37AE82CDB24}.Debug|x86.Build.0 = Debug|Any CPU
		{67F9D3A8-F71E-4428-913F-C37AE82CDB24}.Release|Any CPU.ActiveCfg = Release|Any CPU
		{67F9D3A8-F71E-4428-913F-C37AE82CDB24}.Release|Any CPU.Build.0 = Release|Any CPU
		{67F9D3A8-F71E-4428-913F-C37AE82CDB24}.Release|ARM.ActiveCfg = Release|Any CPU
		{67F9D3A8-F71E-4428-913F-C37AE82CDB24}.Release|ARM.Build.0 = Release|Any CPU
		{67F9D3A8-F71E-4428-913F-C37AE82CDB24}.Release|iPhone.ActiveCfg = Release|Any CPU
		{67F9D3A8-F71E-4428-913F-C37AE82CDB24}.Release|iPhone.Build.0 = Release|Any CPU
		{67F9D3A8-F71E-4428-913F-C37AE82CDB24}.Release|iPhoneSimulator.ActiveCfg = Release|Any CPU
		{67F9D3A8-F71E-4428-913F-C37AE82CDB24}.Release|iPhoneSimulator.Build.0 = Release|Any CPU
		{67F9D3A8-F71E-4428-913F-C37AE82CDB24}.Release|x64.ActiveCfg = Release|Any CPU
		{67F9D3A8-F71E-4428-913F-C37AE82CDB24}.Release|x64.Build.0 = Release|Any CPU
		{67F9D3A8-F71E-4428-913F-C37AE82CDB24}.Release|x86.ActiveCfg = Release|Any CPU
		{67F9D3A8-F71E-4428-913F-C37AE82CDB24}.Release|x86.Build.0 = Release|Any CPU
		{F77130D5-357A-400F-BF0C-326395A6441D}.Ad-Hoc|Any CPU.ActiveCfg = Release|Any CPU
		{F77130D5-357A-400F-BF0C-326395A6441D}.Ad-Hoc|Any CPU.Build.0 = Release|Any CPU
		{F77130D5-357A-400F-BF0C-326395A6441D}.Ad-Hoc|ARM.ActiveCfg = Release|Any CPU
		{F77130D5-357A-400F-BF0C-326395A6441D}.Ad-Hoc|ARM.Build.0 = Release|Any CPU
		{F77130D5-357A-400F-BF0C-326395A6441D}.Ad-Hoc|iPhone.ActiveCfg = Release|Any CPU
		{F77130D5-357A-400F-BF0C-326395A6441D}.Ad-Hoc|iPhone.Build.0 = Release|Any CPU
		{F77130D5-357A-400F-BF0C-326395A6441D}.Ad-Hoc|iPhoneSimulator.ActiveCfg = Release|Any CPU
		{F77130D5-357A-400F-BF0C-326395A6441D}.Ad-Hoc|iPhoneSimulator.Build.0 = Release|Any CPU
		{F77130D5-357A-400F-BF0C-326395A6441D}.Ad-Hoc|x64.ActiveCfg = Release|Any CPU
		{F77130D5-357A-400F-BF0C-326395A6441D}.Ad-Hoc|x64.Build.0 = Release|Any CPU
		{F77130D5-357A-400F-BF0C-326395A6441D}.Ad-Hoc|x86.ActiveCfg = Release|Any CPU
		{F77130D5-357A-400F-BF0C-326395A6441D}.Ad-Hoc|x86.Build.0 = Release|Any CPU
		{F77130D5-357A-400F-BF0C-326395A6441D}.AppStore|Any CPU.ActiveCfg = Release|Any CPU
		{F77130D5-357A-400F-BF0C-326395A6441D}.AppStore|Any CPU.Build.0 = Release|Any CPU
		{F77130D5-357A-400F-BF0C-326395A6441D}.AppStore|ARM.ActiveCfg = Release|Any CPU
		{F77130D5-357A-400F-BF0C-326395A6441D}.AppStore|ARM.Build.0 = Release|Any CPU
		{F77130D5-357A-400F-BF0C-326395A6441D}.AppStore|iPhone.ActiveCfg = Release|Any CPU
		{F77130D5-357A-400F-BF0C-326395A6441D}.AppStore|iPhone.Build.0 = Release|Any CPU
		{F77130D5-357A-400F-BF0C-326395A6441D}.AppStore|iPhoneSimulator.ActiveCfg = Release|Any CPU
		{F77130D5-357A-400F-BF0C-326395A6441D}.AppStore|iPhoneSimulator.Build.0 = Release|Any CPU
		{F77130D5-357A-400F-BF0C-326395A6441D}.AppStore|x64.ActiveCfg = Release|Any CPU
		{F77130D5-357A-400F-BF0C-326395A6441D}.AppStore|x64.Build.0 = Release|Any CPU
		{F77130D5-357A-400F-BF0C-326395A6441D}.AppStore|x86.ActiveCfg = Release|Any CPU
		{F77130D5-357A-400F-BF0C-326395A6441D}.AppStore|x86.Build.0 = Release|Any CPU
		{F77130D5-357A-400F-BF0C-326395A6441D}.Debug|Any CPU.ActiveCfg = Debug|Any CPU
		{F77130D5-357A-400F-BF0C-326395A6441D}.Debug|Any CPU.Build.0 = Debug|Any CPU
		{F77130D5-357A-400F-BF0C-326395A6441D}.Debug|ARM.ActiveCfg = Debug|Any CPU
		{F77130D5-357A-400F-BF0C-326395A6441D}.Debug|ARM.Build.0 = Debug|Any CPU
		{F77130D5-357A-400F-BF0C-326395A6441D}.Debug|iPhone.ActiveCfg = Debug|Any CPU
		{F77130D5-357A-400F-BF0C-326395A6441D}.Debug|iPhone.Build.0 = Debug|Any CPU
		{F77130D5-357A-400F-BF0C-326395A6441D}.Debug|iPhoneSimulator.ActiveCfg = Debug|Any CPU
		{F77130D5-357A-400F-BF0C-326395A6441D}.Debug|iPhoneSimulator.Build.0 = Debug|Any CPU
		{F77130D5-357A-400F-BF0C-326395A6441D}.Debug|x64.ActiveCfg = Debug|Any CPU
		{F77130D5-357A-400F-BF0C-326395A6441D}.Debug|x64.Build.0 = Debug|Any CPU
		{F77130D5-357A-400F-BF0C-326395A6441D}.Debug|x86.ActiveCfg = Debug|Any CPU
		{F77130D5-357A-400F-BF0C-326395A6441D}.Debug|x86.Build.0 = Debug|Any CPU
		{F77130D5-357A-400F-BF0C-326395A6441D}.Release|Any CPU.ActiveCfg = Release|Any CPU
		{F77130D5-357A-400F-BF0C-326395A6441D}.Release|Any CPU.Build.0 = Release|Any CPU
		{F77130D5-357A-400F-BF0C-326395A6441D}.Release|ARM.ActiveCfg = Release|Any CPU
		{F77130D5-357A-400F-BF0C-326395A6441D}.Release|ARM.Build.0 = Release|Any CPU
		{F77130D5-357A-400F-BF0C-326395A6441D}.Release|iPhone.ActiveCfg = Release|Any CPU
		{F77130D5-357A-400F-BF0C-326395A6441D}.Release|iPhone.Build.0 = Release|Any CPU
		{F77130D5-357A-400F-BF0C-326395A6441D}.Release|iPhoneSimulator.ActiveCfg = Release|Any CPU
		{F77130D5-357A-400F-BF0C-326395A6441D}.Release|iPhoneSimulator.Build.0 = Release|Any CPU
		{F77130D5-357A-400F-BF0C-326395A6441D}.Release|x64.ActiveCfg = Release|Any CPU
		{F77130D5-357A-400F-BF0C-326395A6441D}.Release|x64.Build.0 = Release|Any CPU
		{F77130D5-357A-400F-BF0C-326395A6441D}.Release|x86.ActiveCfg = Release|Any CPU
		{F77130D5-357A-400F-BF0C-326395A6441D}.Release|x86.Build.0 = Release|Any CPU
	EndGlobalSection
	GlobalSection(SolutionProperties) = preSolution
		HideSolutionNode = FALSE
	EndGlobalSection
EndGlobal
